
Microsoft Visual Studio Solution File, Format Version 12.00
# Visual Studio Version 16
VisualStudioVersion = 16.0.30907.101
MinimumVisualStudioVersion = 10.0.40219.1
Project("{9A19103F-16F7-4668-BE54-9A1E7A4F7556}") = "FileWatcherInContainer", "FileWatcherInContainer\FileWatcherInContainer.csproj", "{EAB296FC-0834-44E3-9D05-7AE15A6F0DE1}"
EndProject
Project("{9A19103F-16F7-4668-BE54-9A1E7A4F7556}") = "FileSystemWatcherTrigger", "FileSystemWatcherTrigger\FileSystemWatcherTrigger.csproj", "{C0E31A02-5433-4512-97A0-CFD2F6DB796C}"
EndProject
Project("{FAE04EC0-301F-11D3-BF4B-00C04F79EFBC}") = "PhysicalFilesWatcherInContainer", "PhysicalFilesWatcherInContainer\PhysicalFilesWatcherInContainer.csproj", "{CCC284A6-6AF1-4194-B772-A0031F63AF42}"
EndProject
Global
	GlobalSection(SolutionConfigurationPlatforms) = preSolution
		Debug|Any CPU = Debug|Any CPU
		Release|Any CPU = Release|Any CPU
	EndGlobalSection
	GlobalSection(ProjectConfigurationPlatforms) = postSolution
		{EAB296FC-0834-44E3-9D05-7AE15A6F0DE1}.Debug|Any CPU.ActiveCfg = Debug|Any CPU
		{EAB296FC-0834-44E3-9D05-7AE15A6F0DE1}.Debug|Any CPU.Build.0 = Debug|Any CPU
		{EAB296FC-0834-44E3-9D05-7AE15A6F0DE1}.Release|Any CPU.ActiveCfg = Release|Any CPU
		{EAB296FC-0834-44E3-9D05-7AE15A6F0DE1}.Release|Any CPU.Build.0 = Release|Any CPU
		{C0E31A02-5433-4512-97A0-CFD2F6DB796C}.Debug|Any CPU.ActiveCfg = Debug|Any CPU
		{C0E31A02-5433-4512-97A0-CFD2F6DB796C}.Debug|Any CPU.Build.0 = Debug|Any CPU
		{C0E31A02-5433-4512-97A0-CFD2F6DB796C}.Release|Any CPU.ActiveCfg = Release|Any CPU
		{C0E31A02-5433-4512-97A0-CFD2F6DB796C}.Release|Any CPU.Build.0 = Release|Any CPU
		{CCC284A6-6AF1-4194-B772-A0031F63AF42}.Debug|Any CPU.ActiveCfg = Debug|Any CPU
		{CCC284A6-6AF1-4194-B772-A0031F63AF42}.Debug|Any CPU.Build.0 = Debug|Any CPU
		{CCC284A6-6AF1-4194-B772-A0031F63AF42}.Release|Any CPU.ActiveCfg = Release|Any CPU
		{CCC284A6-6AF1-4194-B772-A0031F63AF42}.Release|Any CPU.Build.0 = Release|Any CPU
	EndGlobalSection
	GlobalSection(SolutionProperties) = preSolution
		HideSolutionNode = FALSE
	EndGlobalSection
	GlobalSection(ExtensibilityGlobals) = postSolution
		SolutionGuid = {E401318A-CB56-4406-92FA-98AF8AD8D8AD}
	EndGlobalSection
EndGlobal
